
Microsoft Visual Studio Solution File, Format Version 12.00
# Visual Studio 2015
Project("{FAE04EC0-301F-11D3-BF4B-00C04F79EFBC}") = "BeardOilPrototype.CSharp", "BeardOilPrototype.CSharp.csproj", "{B62A72E2-D996-F055-BD89-EA4344C6A666}"
EndProject
Project("{FAE04EC0-301F-11D3-BF4B-00C04F79EFBC}") = "BeardOilPrototype.CSharp.Editor", "BeardOilPrototype.CSharp.Editor.csproj", "{C5005129-21D9-D5CD-8C16-4D407458411B}"
EndProject
Global
	GlobalSection(SolutionConfigurationPlatforms) = preSolution
		Debug|Any CPU = Debug|Any CPU
		Release|Any CPU = Release|Any CPU
	EndGlobalSection
	GlobalSection(ProjectConfigurationPlatforms) = postSolution
		{B62A72E2-D996-F055-BD89-EA4344C6A666}.Debug|Any CPU.ActiveCfg = Debug|Any CPU
		{B62A72E2-D996-F055-BD89-EA4344C6A666}.Debug|Any CPU.Build.0 = Debug|Any CPU
		{B62A72E2-D996-F055-BD89-EA4344C6A666}.Release|Any CPU.ActiveCfg = Release|Any CPU
		{B62A72E2-D996-F055-BD89-EA4344C6A666}.Release|Any CPU.Build.0 = Release|Any CPU
		{C5005129-21D9-D5CD-8C16-4D407458411B}.Debug|Any CPU.ActiveCfg = Debug|Any CPU
		{C5005129-21D9-D5CD-8C16-4D407458411B}.Debug|Any CPU.Build.0 = Debug|Any CPU
		{C5005129-21D9-D5CD-8C16-4D407458411B}.Release|Any CPU.ActiveCfg = Release|Any CPU
		{C5005129-21D9-D5CD-8C16-4D407458411B}.Release|Any CPU.Build.0 = Release|Any CPU
	EndGlobalSection
	GlobalSection(SolutionProperties) = preSolution
		HideSolutionNode = FALSE
	EndGlobalSection
EndGlobal
